{
  "version": 4,
  "terraform_version": "1.5.7",
  "serial": 7,
  "lineage": "0f5d1d2f-4276-02c3-5c2e-c35ffefe7173",
  "outputs": {
    "dataproc_cluster_name": {
      "value": "secure-dataproc-cluster",
      "type": "string"
    },
    "dataproc_service_account": {
      "value": "dataproc-sa@automatic-bond-451709-k3.iam.gserviceaccount.com",
      "type": "string"
    }
  },
  "resources": [
    {
      "module": "module.dataproc",
      "mode": "managed",
      "type": "google_project_iam_member",
      "name": "dataproc_roles",
      "provider": "provider[\"registry.terraform.io/hashicorp/google\"]",
      "instances": [
        {
          "index_key": "roles/dataproc.worker",
          "schema_version": 0,
          "attributes": {
            "condition": [],
            "etag": "BwYvLm3XGO4=",
            "id": "automatic-bond-451709-k3/roles/dataproc.worker/serviceAccount:dataproc-sa@automatic-bond-451709-k3.iam.gserviceaccount.com",
            "member": "serviceAccount:dataproc-sa@automatic-bond-451709-k3.iam.gserviceaccount.com",
            "project": "automatic-bond-451709-k3",
            "role": "roles/dataproc.worker"
          },
          "sensitive_attributes": [],
          "private": "bnVsbA==",
          "dependencies": [
            "module.dataproc.google_service_account.dataproc_sa"
          ]
        },
        {
          "index_key": "roles/logging.logWriter",
          "schema_version": 0,
          "attributes": {
            "condition": [],
            "etag": "BwYvLm3XGO4=",
            "id": "automatic-bond-451709-k3/roles/logging.logWriter/serviceAccount:dataproc-sa@automatic-bond-451709-k3.iam.gserviceaccount.com",
            "member": "serviceAccount:dataproc-sa@automatic-bond-451709-k3.iam.gserviceaccount.com",
            "project": "automatic-bond-451709-k3",
            "role": "roles/logging.logWriter"
          },
          "sensitive_attributes": [],
          "private": "bnVsbA==",
          "dependencies": [
            "module.dataproc.google_service_account.dataproc_sa"
          ]
        },
        {
          "index_key": "roles/storage.objectViewer",
          "schema_version": 0,
          "attributes": {
            "condition": [],
            "etag": "BwYvLm3XGO4=",
            "id": "automatic-bond-451709-k3/roles/storage.objectViewer/serviceAccount:dataproc-sa@automatic-bond-451709-k3.iam.gserviceaccount.com",
            "member": "serviceAccount:dataproc-sa@automatic-bond-451709-k3.iam.gserviceaccount.com",
            "project": "automatic-bond-451709-k3",
            "role": "roles/storage.objectViewer"
          },
          "sensitive_attributes": [],
          "private": "bnVsbA==",
          "dependencies": [
            "module.dataproc.google_service_account.dataproc_sa"
          ]
        }
      ]
    },
    {
      "module": "module.dataproc",
      "mode": "managed",
      "type": "google_service_account",
      "name": "dataproc_sa",
      "provider": "provider[\"registry.terraform.io/hashicorp/google\"]",
      "instances": [
        {
          "schema_version": 0,
          "attributes": {
            "account_id": "dataproc-sa",
            "create_ignore_already_exists": null,
            "description": "",
            "disabled": false,
            "display_name": "Dataproc Service Account",
            "email": "dataproc-sa@automatic-bond-451709-k3.iam.gserviceaccount.com",
            "id": "projects/automatic-bond-451709-k3/serviceAccounts/dataproc-sa@automatic-bond-451709-k3.iam.gserviceaccount.com",
            "member": "serviceAccount:dataproc-sa@automatic-bond-451709-k3.iam.gserviceaccount.com",
            "name": "projects/automatic-bond-451709-k3/serviceAccounts/dataproc-sa@automatic-bond-451709-k3.iam.gserviceaccount.com",
            "project": "automatic-bond-451709-k3",
            "timeouts": null,
            "unique_id": "102812013291792280219"
          },
          "sensitive_attributes": [],
          "private": "eyJlMmJmYjczMC1lY2FhLTExZTYtOGY4OC0zNDM2M2JjN2M0YzAiOnsiY3JlYXRlIjozMDAwMDAwMDAwMDB9fQ=="
        }
      ]
    }
  ],
  "check_results": null
}
